github.com/akrennmair/go-radix v1.0.1-0.20211215212324-49d05194b0a3 h1:cC+usowX2qUArGE+BauZSn2qCxHqBXhBmA3CkFMULBg=
github.com/akrennmair/go-radix v1.0.1-0.20211215212324-49d05194b0a3/go.mod h1:YPJ4C/zdh9bNuHZCccyEX3xnq7vtjMw2Lu8RgBohgRk=
github.com/armon/go-radix v1.0.0 h1:F4z6KzEeeQIMeLFa97iZU6vupzoecKdU5TX24SNppXI=
github.com/armon/go-radix v1.0.0/go.mod h1:ufUuZ+zHj4x4TnLV4JWEpy2hxWSpsRywHrMgIH9cCH8=
github.com/karitham/go-genial v0.2.0 h1:AHb2iBbzOBS8kc3E0QiZR3Z6txdBS9u0IDhGGketskE=
github.com/karitham/go-genial v0.2.0/go.mod h1:HBN0CvV0hsPCMegF7wvmUK3l8OnNzs8XVxt350NI5eE=
